# THIS IS AN AUTOGENERATED FILE. DO NOT EDIT THIS FILE DIRECTLY.
# yarn lockfile v1


array-slice@^1.1.0:
  version "1.1.0"
  resolved "https://registry.yarnpkg.com/array-slice/-/array-slice-1.1.0.tgz#e368ea15f89bc7069f7ffb89aec3a6c7d4ac22d4"

is-number@^5.0.0:
  version "5.0.0"
  resolved "https://registry.yarnpkg.com/is-number/-/is-number-5.0.0.tgz#c393bc471e65de1a10a6abcb20efeb12d2b88166"
